
Microsoft Visual Studio Solution File, Format Version 12.00
# Visual Studio 15
VisualStudioVersion = 15.0.28307.1145
MinimumVisualStudioVersion = 10.0.40219.1
Project("{FAE04EC0-301F-11D3-BF4B-00C04F79EFBC}") = "Seeder", "Seeder\Seeder.csproj", "{E4D431EB-2630-41C9-AD6C-4BD5AC433163}"
EndProject
Project("{FAE04EC0-301F-11D3-BF4B-00C04F79EFBC}") = "Seeder.UnitTests", "Seeder.UnitTests\Seeder.UnitTests.csproj", "{78C2B956-EA74-4C8B-82D5-F23F9448B35E}"
EndProject
Project("{FAE04EC0-301F-11D3-BF4B-00C04F79EFBC}") = "Seeder.Generator.Mssql", "Seeder.Generator.Mssql\Seeder.Generator.Mssql.csproj", "{381F90EF-50FA-4B01-AC46-CC430E7A7C3D}"
EndProject
Project("{FAE04EC0-301F-11D3-BF4B-00C04F79EFBC}") = "Seeder.Generator.Mysql", "Seeder.Generator.Mysql\Seeder.Generator.Mysql.csproj", "{8DBEAED6-D070-429A-8CF6-EC4FDEC01063}"
EndProject
Global
	GlobalSection(SolutionConfigurationPlatforms) = preSolution
		Debug|Any CPU = Debug|Any CPU
		Release|Any CPU = Release|Any CPU
	EndGlobalSection
	GlobalSection(ProjectConfigurationPlatforms) = postSolution
		{E4D431EB-2630-41C9-AD6C-4BD5AC433163}.Debug|Any CPU.ActiveCfg = Debug|Any CPU
		{E4D431EB-2630-41C9-AD6C-4BD5AC433163}.Debug|Any CPU.Build.0 = Debug|Any CPU
		{E4D431EB-2630-41C9-AD6C-4BD5AC433163}.Release|Any CPU.ActiveCfg = Release|Any CPU
		{E4D431EB-2630-41C9-AD6C-4BD5AC433163}.Release|Any CPU.Build.0 = Release|Any CPU
		{78C2B956-EA74-4C8B-82D5-F23F9448B35E}.Debug|Any CPU.ActiveCfg = Debug|Any CPU
		{78C2B956-EA74-4C8B-82D5-F23F9448B35E}.Debug|Any CPU.Build.0 = Debug|Any CPU
		{78C2B956-EA74-4C8B-82D5-F23F9448B35E}.Release|Any CPU.ActiveCfg = Release|Any CPU
		{78C2B956-EA74-4C8B-82D5-F23F9448B35E}.Release|Any CPU.Build.0 = Release|Any CPU
		{381F90EF-50FA-4B01-AC46-CC430E7A7C3D}.Debug|Any CPU.ActiveCfg = Debug|Any CPU
		{381F90EF-50FA-4B01-AC46-CC430E7A7C3D}.Debug|Any CPU.Build.0 = Debug|Any CPU
		{381F90EF-50FA-4B01-AC46-CC430E7A7C3D}.Release|Any CPU.ActiveCfg = Release|Any CPU
		{381F90EF-50FA-4B01-AC46-CC430E7A7C3D}.Release|Any CPU.Build.0 = Release|Any CPU
		{8DBEAED6-D070-429A-8CF6-EC4FDEC01063}.Debug|Any CPU.ActiveCfg = Debug|Any CPU
		{8DBEAED6-D070-429A-8CF6-EC4FDEC01063}.Debug|Any CPU.Build.0 = Debug|Any CPU
		{8DBEAED6-D070-429A-8CF6-EC4FDEC01063}.Release|Any CPU.ActiveCfg = Release|Any CPU
		{8DBEAED6-D070-429A-8CF6-EC4FDEC01063}.Release|Any CPU.Build.0 = Release|Any CPU
	EndGlobalSection
	GlobalSection(SolutionProperties) = preSolution
		HideSolutionNode = FALSE
	EndGlobalSection
	GlobalSection(ExtensibilityGlobals) = postSolution
		SolutionGuid = {41E394A7-6A89-4B3A-94B3-0A78B0204C8B}
	EndGlobalSection
EndGlobal
